
Microsoft Visual Studio Solution File, Format Version 12.00
# Visual Studio 2013
VisualStudioVersion = 12.0.31101.0
MinimumVisualStudioVersion = 10.0.40219.1
Project("{FAE04EC0-301F-11D3-BF4B-00C04F79EFBC}") = "NonceUtil", "NonceUtil\NonceUtil.csproj", "{479C84CE-9DF1-4092-8BBE-08B8427B1C45}"
EndProject
Project("{FAE04EC0-301F-11D3-BF4B-00C04F79EFBC}") = "NonceUtil.Tests", "NonceUtil.Tests\NonceUtil.Tests.csproj", "{336C0AFE-43D5-4A3F-9EE2-125EEBB773AD}"
EndProject
Global
	GlobalSection(SolutionConfigurationPlatforms) = preSolution
		Debug|Any CPU = Debug|Any CPU
		Release|Any CPU = Release|Any CPU
	EndGlobalSection
	GlobalSection(ProjectConfigurationPlatforms) = postSolution
		{479C84CE-9DF1-4092-8BBE-08B8427B1C45}.Debug|Any CPU.ActiveCfg = Debug|Any CPU
		{479C84CE-9DF1-4092-8BBE-08B8427B1C45}.Debug|Any CPU.Build.0 = Debug|Any CPU
		{479C84CE-9DF1-4092-8BBE-08B8427B1C45}.Release|Any CPU.ActiveCfg = Release|Any CPU
		{479C84CE-9DF1-4092-8BBE-08B8427B1C45}.Release|Any CPU.Build.0 = Release|Any CPU
		{336C0AFE-43D5-4A3F-9EE2-125EEBB773AD}.Debug|Any CPU.ActiveCfg = Debug|Any CPU
		{336C0AFE-43D5-4A3F-9EE2-125EEBB773AD}.Debug|Any CPU.Build.0 = Debug|Any CPU
		{336C0AFE-43D5-4A3F-9EE2-125EEBB773AD}.Release|Any CPU.ActiveCfg = Release|Any CPU
		{336C0AFE-43D5-4A3F-9EE2-125EEBB773AD}.Release|Any CPU.Build.0 = Release|Any CPU
	EndGlobalSection
	GlobalSection(SolutionProperties) = preSolution
		HideSolutionNode = FALSE
	EndGlobalSection
EndGlobal
